// !$*UTF8*$!
{
	archiveVersion = 1;
	classes = {
	};
	objectVersion = 55;
	objects = {

/* Begin PBXFileReference section */
		B541C81A2710119A00766CBC /* test.html */ = {isa = PBXFileReference; lastKnownFileType = text.html; path = test.html; sourceTree = "<group>"; };
/* End PBXFileReference section */

/* Begin PBXGroup section */
		B541C813271005A500766CBC = {
			isa = PBXGroup;
			children = (
				B541C81F27101ADB00766CBC /* New Group */,
			);
			sourceTree = "<group>";
		};
		B541C81F27101ADB00766CBC /* New Group */ = {
			isa = PBXGroup;
			children = (
				B541C81A2710119A00766CBC /* test.html */,
			);
			path = "New Group";
			sourceTree = "<group>";
		};
/* End PBXGroup section */

/* Begin PBXProject section */
		B541C814271005A500766CBC /* Project object */ = {
			isa = PBXProject;
			attributes = {
				BuildIndependentTargetsInParallel = 1;
				LastUpgradeCheck = 1300;
			};
			buildConfigurationList = B541C817271005A500766CBC /* Build configuration list for PBXProject "GitWeb" */;
			compatibilityVersion = "Xcode 13.0";
			developmentRegion = en;
			hasScannedForEncodings = 0;
			knownRegions = (
				en,
				Base,
			);
			mainGroup = B541C813271005A500766CBC;
			projectDirPath = "";
			projectRoot = "";
			targets = (
			);
		};
/* End PBXProject section */

/* Begin XCBuildConfiguration section */
		B541C818271005A500766CBC /* Debug */ = {
			isa = XCBuildConfiguration;
			buildSettings = {
			};
			name = Debug;
		};
		B541C819271005A500766CBC /* Release */ = {
			isa = XCBuildConfiguration;
			buildSettings = {
			};
			name = Release;
		};
/* End XCBuildConfiguration section */

/* Begin XCConfigurationList section */
		B541C817271005A500766CBC /* Build configuration list for PBXProject "GitWeb" */ = {
			isa = XCConfigurationList;
			buildConfigurations = (
				B541C818271005A500766CBC /* Debug */,
				B541C819271005A500766CBC /* Release */,
			);
			defaultConfigurationIsVisible = 0;
			defaultConfigurationName = Release;
		};
/* End XCConfigurationList section */
	};
	rootObject = B541C814271005A500766CBC /* Project object */;
}
